// !$*UTF8*$!
{
	archiveVersion = 1;
	classes = {
	};
	objectVersion = 77;
	objects = {

/* Begin PBXBuildFile section */
		01073C4629A8F9C0729414E2 /* PageRepository.swift in Sources */ = {isa = PBXBuildFile; fileRef = 99D2978B31BEE2E16B778433 /* PageRepository.swift */; };
		0127BDD665C2290D455C296C /* DiaryRepository.swift in Sources */ = {isa = PBXBuildFile; fileRef = 0642335E4D879DE20001FC35 /* DiaryRepository.swift */; };
		0530FF2CF75594968E017198 /* EditorSession.swift in Sources */ = {isa = PBXBuildFile; fileRef = F9225993DF8341A04734C517 /* EditorSession.swift */; };
		05CD53853A98F46E200DDC65 /* SchemaMigratorTests.swift in Sources */ = {isa = PBXBuildFile; fileRef = EEA32BC9667143AD004CA8F5 /* SchemaMigratorTests.swift */; };
		05E0410E301064200594A49F /* SearchRepositoryTests.swift in Sources */ = {isa = PBXBuildFile; fileRef = DFB2B8F9B01CF891E67A570A /* SearchRepositoryTests.swift */; };
		0974C8550941134BA36D7147 /* AttachmentRepository.swift in Sources */ = {isa = PBXBuildFile; fileRef = 1927809A95C559A7342DE2D0 /* AttachmentRepository.swift */; };
		09989A13D18438B9220A91CD /* BacklinkRepository.swift in Sources */ = {isa = PBXBuildFile; fileRef = 721AB2B9FBD1E62EB105C77B /* BacklinkRepository.swift */; };
		09BB0A14C4C2ACE82E7B8514 /* WorkspaceViewModelTests.swift in Sources */ = {isa = PBXBuildFile; fileRef = 199BD1746B6CDF8429B282CD /* WorkspaceViewModelTests.swift */; };
		0B031169893C686E13FC35A3 /* EditorSession.swift in Sources */ = {isa = PBXBuildFile; fileRef = F9225993DF8341A04734C517 /* EditorSession.swift */; };
		0D011D03EDC571638D1AFC39 /* DiaryRepository.swift in Sources */ = {isa = PBXBuildFile; fileRef = 0642335E4D879DE20001FC35 /* DiaryRepository.swift */; };
		0E20C6BCBA788CD094F3DDBC /* ObsidianVaultImporter.swift in Sources */ = {isa = PBXBuildFile; fileRef = 4C446D967C94C5767B582A8C /* ObsidianVaultImporter.swift */; };
		12017FEFC29019F7885E9A8B /* SchemaMigrator.swift in Sources */ = {isa = PBXBuildFile; fileRef = 1775693501BBE99927D7F07C /* SchemaMigrator.swift */; };
		14615EF0D0385EC1544687A5 /* PageRepository.swift in Sources */ = {isa = PBXBuildFile; fileRef = 99D2978B31BEE2E16B778433 /* PageRepository.swift */; };
		167DBF02105B2340CADF7B04 /* AttachmentThumbnailScheduler.swift in Sources */ = {isa = PBXBuildFile; fileRef = BF2B4D890F84CA04F7C8018A /* AttachmentThumbnailScheduler.swift */; };
		1EAAFC236BE79CD235D0BAEC /* DiaryRepositoryTests.swift in Sources */ = {isa = PBXBuildFile; fileRef = 83E314E1BD6803FBAA36C92C /* DiaryRepositoryTests.swift */; };
		203C8C57D64D5D4A849EF8AA /* AppEnvironment.swift in Sources */ = {isa = PBXBuildFile; fileRef = 8BC9BD3D38C16BD85AE9DB4C /* AppEnvironment.swift */; };
		203D2AF728ACA0CB9FB6EB64 /* SyncEngine.swift in Sources */ = {isa = PBXBuildFile; fileRef = ED15DB1BFFA5B14D21B49851 /* SyncEngine.swift */; };
		2084FFA7A79E33FCED83EFAE /* EditorIOSEditingUITests.swift in Sources */ = {isa = PBXBuildFile; fileRef = 6A9FAF141FE59264E99BD29F /* EditorIOSEditingUITests.swift */; };
		21EC3BD9793060853FC95406 /* EditorBlockChromeTests.swift in Sources */ = {isa = PBXBuildFile; fileRef = 515610DE45635DE476139564 /* EditorBlockChromeTests.swift */; };
		22987CEF62D169CEBE7D4E61 /* SyncEngineTests.swift in Sources */ = {isa = PBXBuildFile; fileRef = FD68E48C0F2260B332722AA9 /* SyncEngineTests.swift */; };
		232FEC20480532D2413466AD /* ObsidianVaultImporter.swift in Sources */ = {isa = PBXBuildFile; fileRef = 4C446D967C94C5767B582A8C /* ObsidianVaultImporter.swift */; };
		23382344C31EB384088840F4 /* SchemaMigrator.swift in Sources */ = {isa = PBXBuildFile; fileRef = 1775693501BBE99927D7F07C /* SchemaMigrator.swift */; };
		262846181A0BA1148ADE5B37 /* ObsidianVaultImporter.swift in Sources */ = {isa = PBXBuildFile; fileRef = 4C446D967C94C5767B582A8C /* ObsidianVaultImporter.swift */; };
		26F7E5CCFB8BE819F7BFECD1 /* EditorSession.swift in Sources */ = {isa = PBXBuildFile; fileRef = F9225993DF8341A04734C517 /* EditorSession.swift */; };
		27EEA5D52557773DE8D0AB87 /* SyncGeneration.swift in Sources */ = {isa = PBXBuildFile; fileRef = F33E30A062804DA2B51E52C6 /* SyncGeneration.swift */; };
		2B18D251AA0DE11D5BE12665 /* SchemaMigrator.swift in Sources */ = {isa = PBXBuildFile; fileRef = 1775693501BBE99927D7F07C /* SchemaMigrator.swift */; };
		2DEDA2FC15262360AF629C4E /* MarkdownTransformerTests.swift in Sources */ = {isa = PBXBuildFile; fileRef = 3B4FFAB9393B2FC649D63658 /* MarkdownTransformerTests.swift */; };
		30761AF9DB95A5C98582DB35 /* AppEnvironment.swift in Sources */ = {isa = PBXBuildFile; fileRef = 8BC9BD3D38C16BD85AE9DB4C /* AppEnvironment.swift */; };
		330DE8B1EA9F4976ACB74DE0 /* AttachmentRepositoryTests.swift in Sources */ = {isa = PBXBuildFile; fileRef = D40CF7A6C22692BF36767B56 /* AttachmentRepositoryTests.swift */; };
		33844EA317B147AFBA7BC67E /* SyncMergeEngine.swift in Sources */ = {isa = PBXBuildFile; fileRef = 9020679BDD2802585CAFFF9A /* SyncMergeEngine.swift */; };
		38F36C057252483E1CD4A0BA /* EditorLog.swift in Sources */ = {isa = PBXBuildFile; fileRef = 40AB9B809EE4F1C8F4A7E86C /* EditorLog.swift */; };
		391A2479C2F146CBF091E691 /* ConflictRepository.swift in Sources */ = {isa = PBXBuildFile; fileRef = 4214430A753C37880763D5D8 /* ConflictRepository.swift */; };
		3985E53DC8AF5E84FB2C5250 /* EditorModels.swift in Sources */ = {isa = PBXBuildFile; fileRef = 4E383776DEFCB6F2C1BE89EC /* EditorModels.swift */; };
		3C5DC22472C17AA3489FA86A /* EditorShortcutConfiguration.swift in Sources */ = {isa = PBXBuildFile; fileRef = 61ADE28ADDB4897F6FF626F1 /* EditorShortcutConfiguration.swift */; };
		3C93E4F9F743D69CA90FEC98 /* WorkspaceViewModel.swift in Sources */ = {isa = PBXBuildFile; fileRef = 21375FFD71ADABE73FEA867C /* WorkspaceViewModel.swift */; };
		46B14E454EBFA01097FE244B /* SyncRepository.swift in Sources */ = {isa = PBXBuildFile; fileRef = 9E5987A98D4AEC7981273C41 /* SyncRepository.swift */; };
		4787B5B0ACFBE951ED91A76E /* LocalSyncGenerationResetPolicyTests.swift in Sources */ = {isa = PBXBuildFile; fileRef = ECDF1564214D00B59B2C6502 /* LocalSyncGenerationResetPolicyTests.swift */; };
		4AF31E328578DE8862DFAAF5 /* TagRepository.swift in Sources */ = {isa = PBXBuildFile; fileRef = 6545BCA3A1142552BBE909FC /* TagRepository.swift */; };
		4F4123269A16D4618CA56BD2 /* EditorModels.swift in Sources */ = {isa = PBXBuildFile; fileRef = 4E383776DEFCB6F2C1BE89EC /* EditorModels.swift */; };
		50A269642333A392D734DFD4 /* TagRepository.swift in Sources */ = {isa = PBXBuildFile; fileRef = 6545BCA3A1142552BBE909FC /* TagRepository.swift */; };
		5141220B3C572A4DE2860C28 /* SyncMergeEngineTests.swift in Sources */ = {isa = PBXBuildFile; fileRef = 55E61FF9F0A5301402101E40 /* SyncMergeEngineTests.swift */; };
		5879BDF8333F324C85EDF287 /* NativeTextBlockEditor.swift in Sources */ = {isa = PBXBuildFile; fileRef = 45B305E7542E1D1459C797CE /* NativeTextBlockEditor.swift */; };
		58B01E21F4BF19B7CE6CB6A7 /* SyncEngine.swift in Sources */ = {isa = PBXBuildFile; fileRef = ED15DB1BFFA5B14D21B49851 /* SyncEngine.swift */; };
		58E5CFCAD5D62D9F4174E252 /* DataProtectionService.swift in Sources */ = {isa = PBXBuildFile; fileRef = BA04F3B5378D60E40322DFDE /* DataProtectionService.swift */; };
		59B1FACACA6B52B3A1F96247 /* PlatformSecurityTests.swift in Sources */ = {isa = PBXBuildFile; fileRef = 24FBE1A3FB70990D18514EB8 /* PlatformSecurityTests.swift */; };
		5A0D1FB6346FAAD0FB0C2EDE /* BacklinkRepositoryTests.swift in Sources */ = {isa = PBXBuildFile; fileRef = 215846E3D7ACAC3660E51B4A /* BacklinkRepositoryTests.swift */; };
		5CA7CDF4C43E7E196B410279 /* DiaryRepository.swift in Sources */ = {isa = PBXBuildFile; fileRef = 0642335E4D879DE20001FC35 /* DiaryRepository.swift */; };
		5CD6CB8BB8A235C13E7F795C /* BacklinkRepository.swift in Sources */ = {isa = PBXBuildFile; fileRef = 721AB2B9FBD1E62EB105C77B /* BacklinkRepository.swift */; };
		5D5CF87AA264C0F8EB86F299 /* EditorLog.swift in Sources */ = {isa = PBXBuildFile; fileRef = 40AB9B809EE4F1C8F4A7E86C /* EditorLog.swift */; };
		680FA555099757D0954DBFF7 /* SyncRepository.swift in Sources */ = {isa = PBXBuildFile; fileRef = 9E5987A98D4AEC7981273C41 /* SyncRepository.swift */; };
		6861322C7C6B927B36EB0D01 /* SyncRepositoryTests.swift in Sources */ = {isa = PBXBuildFile; fileRef = 21C821093352B684252705EC /* SyncRepositoryTests.swift */; };
		69876CE14D2D2E8A4A00992B /* EditorShellView.swift in Sources */ = {isa = PBXBuildFile; fileRef = CF94D39B44F2FDB5B09C55B8 /* EditorShellView.swift */; };
		69DDD94988608C009D42C71C /* HighlightSwift in Frameworks */ = {isa = PBXBuildFile; productRef = 7C2B290DE56754D5E08BC2B9 /* HighlightSwift */; };
		6A4E2338E27DC654E988AE0E /* HighlightSwift in Frameworks */ = {isa = PBXBuildFile; productRef = 01F86F986E75970B8A2B1A64 /* HighlightSwift */; };
		6A7F865DCBB7545701FE6F7D /* EditorShellView.swift in Sources */ = {isa = PBXBuildFile; fileRef = CF94D39B44F2FDB5B09C55B8 /* EditorShellView.swift */; };
		6C2EEADF704236F0270EC19B /* BacklinkRepository.swift in Sources */ = {isa = PBXBuildFile; fileRef = 721AB2B9FBD1E62EB105C77B /* BacklinkRepository.swift */; };
		711E78B4E602143661DC5F2C /* SQLiteDatabase.swift in Sources */ = {isa = PBXBuildFile; fileRef = D1096512E28BB2AFF667653D /* SQLiteDatabase.swift */; };
		759142683B1FFFBA3AA6D67C /* SyncMergeEngine.swift in Sources */ = {isa = PBXBuildFile; fileRef = 9020679BDD2802585CAFFF9A /* SyncMergeEngine.swift */; };
		770292503CFC7E982D73DEBA /* SyncRepository.swift in Sources */ = {isa = PBXBuildFile; fileRef = 9E5987A98D4AEC7981273C41 /* SyncRepository.swift */; };
		771935237BCE228918E46CCD /* EditorSessionTests.swift in Sources */ = {isa = PBXBuildFile; fileRef = 6BCEEC54CE3487C39364879C /* EditorSessionTests.swift */; };
		781AE5A449EDE2D71F14245B /* EditorShellView.swift in Sources */ = {isa = PBXBuildFile; fileRef = CF94D39B44F2FDB5B09C55B8 /* EditorShellView.swift */; };
		78B01CD737100B6614E6E8A2 /* WorkspaceViewModel.swift in Sources */ = {isa = PBXBuildFile; fileRef = 21375FFD71ADABE73FEA867C /* WorkspaceViewModel.swift */; };
		7C0A1A9E3A837DBCD1EA2C74 /* WorkspaceViewModel.swift in Sources */ = {isa = PBXBuildFile; fileRef = 21375FFD71ADABE73FEA867C /* WorkspaceViewModel.swift */; };
		7E12A9744DD490C10F4DDB2A /* DataProtectionService.swift in Sources */ = {isa = PBXBuildFile; fileRef = BA04F3B5378D60E40322DFDE /* DataProtectionService.swift */; };
		7F3274622A5EBEC25A0042FB /* DataProtectionService.swift in Sources */ = {isa = PBXBuildFile; fileRef = BA04F3B5378D60E40322DFDE /* DataProtectionService.swift */; };
		7F9B997D95099BF35D291D2D /* EditorApp.swift in Sources */ = {isa = PBXBuildFile; fileRef = 20B5B868AE25C29EA7A31C8A /* EditorApp.swift */; };
		8A525D5BB973025C3CB43C21 /* SQLiteDatabase.swift in Sources */ = {isa = PBXBuildFile; fileRef = D1096512E28BB2AFF667653D /* SQLiteDatabase.swift */; };
		8C91ABADEB2F8674C8A8BB79 /* EditorMacEditingUITests.swift in Sources */ = {isa = PBXBuildFile; fileRef = 830B98899C8D1F1F4FF0083E /* EditorMacEditingUITests.swift */; };
		8FC99F708C5A42E23CC056CA /* SyncGeneration.swift in Sources */ = {isa = PBXBuildFile; fileRef = F33E30A062804DA2B51E52C6 /* SyncGeneration.swift */; };
		9CCE0838A058C2C62211C96C /* TagRepository.swift in Sources */ = {isa = PBXBuildFile; fileRef = 6545BCA3A1142552BBE909FC /* TagRepository.swift */; };
		9CD64A0DE0B21E56523DF9B0 /* EditorShortcutConfigurationTests.swift in Sources */ = {isa = PBXBuildFile; fileRef = 9DA7C15C1BD0598E212E5F20 /* EditorShortcutConfigurationTests.swift */; };
		9F6522F31BB2558F8858A5FD /* SearchRepository.swift in Sources */ = {isa = PBXBuildFile; fileRef = 4FCF64425F694601BF7DC842 /* SearchRepository.swift */; };
		A10CB67698B1FCCF81CE837A /* EditorModels.swift in Sources */ = {isa = PBXBuildFile; fileRef = 4E383776DEFCB6F2C1BE89EC /* EditorModels.swift */; };
		A418DA90E22E8111FC906101 /* NativeTextBlockEditor.swift in Sources */ = {isa = PBXBuildFile; fileRef = 45B305E7542E1D1459C797CE /* NativeTextBlockEditor.swift */; };
		A54C11EF0D68422276A9E23A /* NativeTextBlockEditorTests.swift in Sources */ = {isa = PBXBuildFile; fileRef = 9AC06280694090DAA0387F96 /* NativeTextBlockEditorTests.swift */; };
		A71E6C145467696785F16C68 /* SQLiteDatabase.swift in Sources */ = {isa = PBXBuildFile; fileRef = D1096512E28BB2AFF667653D /* SQLiteDatabase.swift */; };
		A7B1BDA57CB45D268633A59C /* AttachmentThumbnailScheduler.swift in Sources */ = {isa = PBXBuildFile; fileRef = BF2B4D890F84CA04F7C8018A /* AttachmentThumbnailScheduler.swift */; };
		A94BCFD1FAB72981D2ABA60E /* NativeTextBlockEditor.swift in Sources */ = {isa = PBXBuildFile; fileRef = 45B305E7542E1D1459C797CE /* NativeTextBlockEditor.swift */; };
		A99F54F1D80A0D652179C49A /* SyncGeneration.swift in Sources */ = {isa = PBXBuildFile; fileRef = F33E30A062804DA2B51E52C6 /* SyncGeneration.swift */; };
		AC5465204820AECB2AEDBDB4 /* AttachmentThumbnailScheduler.swift in Sources */ = {isa = PBXBuildFile; fileRef = BF2B4D890F84CA04F7C8018A /* AttachmentThumbnailScheduler.swift */; };
		B314C4800CB52538C63604C6 /* EditorIOS-Info.plist in Resources */ = {isa = PBXBuildFile; fileRef = BE299953F1B4500B81B093A6 /* EditorIOS-Info.plist */; };
		B4A1AFA9AF4D35DE0DCC604B /* HighlightSwift in Frameworks */ = {isa = PBXBuildFile; productRef = 3F0CDB69805FEA56700323B0 /* HighlightSwift */; };
		B4C2EF67E13A290D9E803CB1 /* EditorShortcutConfiguration.swift in Sources */ = {isa = PBXBuildFile; fileRef = 61ADE28ADDB4897F6FF626F1 /* EditorShortcutConfiguration.swift */; };
		BD5D4967A28608F792BE033D /* TagRepositoryTests.swift in Sources */ = {isa = PBXBuildFile; fileRef = 781D821462B3C5971EAAE009 /* TagRepositoryTests.swift */; };
		BE8D6775DA5E9F581EDCD86E /* SyncMergeEngine.swift in Sources */ = {isa = PBXBuildFile; fileRef = 9020679BDD2802585CAFFF9A /* SyncMergeEngine.swift */; };
		C2EB3CA38DD087183990B22D /* SyncEngine.swift in Sources */ = {isa = PBXBuildFile; fileRef = ED15DB1BFFA5B14D21B49851 /* SyncEngine.swift */; };
		C30D298F9862883B5B9378A1 /* ObsidianVaultImporterTests.swift in Sources */ = {isa = PBXBuildFile; fileRef = 9E25294134A69C459AE6E1D0 /* ObsidianVaultImporterTests.swift */; };
		CD88B386243D25D829DA765D /* ConflictRepository.swift in Sources */ = {isa = PBXBuildFile; fileRef = 4214430A753C37880763D5D8 /* ConflictRepository.swift */; };
		CF0299159866AE5746836C4C /* EditorLog.swift in Sources */ = {isa = PBXBuildFile; fileRef = 40AB9B809EE4F1C8F4A7E86C /* EditorLog.swift */; };
		D0F49BDD4C83A83C39652E71 /* MarkdownTransformer.swift in Sources */ = {isa = PBXBuildFile; fileRef = 74204D7572275A5FE96AABBC /* MarkdownTransformer.swift */; };
		D8D7399DED14D82F9239B6AA /* SearchRepository.swift in Sources */ = {isa = PBXBuildFile; fileRef = 4FCF64425F694601BF7DC842 /* SearchRepository.swift */; };
		DBDB948DE2D478350B9D694E /* MarkdownTransformer.swift in Sources */ = {isa = PBXBuildFile; fileRef = 74204D7572275A5FE96AABBC /* MarkdownTransformer.swift */; };
		E01A39518EEC3D364DDC767F /* MarkdownTransformer.swift in Sources */ = {isa = PBXBuildFile; fileRef = 74204D7572275A5FE96AABBC /* MarkdownTransformer.swift */; };
		E4033F9ECF39040100D58D6D /* PageRepository.swift in Sources */ = {isa = PBXBuildFile; fileRef = 99D2978B31BEE2E16B778433 /* PageRepository.swift */; };
		E472E78A6A66D359D5FAD4DB /* SearchRepository.swift in Sources */ = {isa = PBXBuildFile; fileRef = 4FCF64425F694601BF7DC842 /* SearchRepository.swift */; };
		E77AC7E35D5BE557E9CFD3D0 /* ConflictRepository.swift in Sources */ = {isa = PBXBuildFile; fileRef = 4214430A753C37880763D5D8 /* ConflictRepository.swift */; };
		EE128CFD6F34622441D84ECC /* AttachmentRepository.swift in Sources */ = {isa = PBXBuildFile; fileRef = 1927809A95C559A7342DE2D0 /* AttachmentRepository.swift */; };
		F388BABBAE95664822C1F37E /* PageRepositoryTests.swift in Sources */ = {isa = PBXBuildFile; fileRef = 3EE30DA9DBD41CF2A9B3375E /* PageRepositoryTests.swift */; };
		F44CF7F592C10A7416E91935 /* EditorApp.swift in Sources */ = {isa = PBXBuildFile; fileRef = 20B5B868AE25C29EA7A31C8A /* EditorApp.swift */; };
		FE6EAB327B1CFEEF7F9914A3 /* AttachmentRepository.swift in Sources */ = {isa = PBXBuildFile; fileRef = 1927809A95C559A7342DE2D0 /* AttachmentRepository.swift */; };
		FFDF664D4F1F92C9D8C421EA /* EditorShortcutConfiguration.swift in Sources */ = {isa = PBXBuildFile; fileRef = 61ADE28ADDB4897F6FF626F1 /* EditorShortcutConfiguration.swift */; };
/* End PBXBuildFile section */

/* Begin PBXContainerItemProxy section */
		19B60E2B481A30D521EA0A79 /* PBXContainerItemProxy */ = {
			isa = PBXContainerItemProxy;
			containerPortal = 069CC3F098A07CA0727AF3A5 /* Project object */;
			proxyType = 1;
			remoteGlobalIDString = 872A4C60FF7B0F2EAFF04A89;
			remoteInfo = EditorMac;
		};
		2679244DC9945B2BEEB2305A /* PBXContainerItemProxy */ = {
			isa = PBXContainerItemProxy;
			containerPortal = 069CC3F098A07CA0727AF3A5 /* Project object */;
			proxyType = 1;
			remoteGlobalIDString = 5AC71F5A2320A80B95A71B41;
			remoteInfo = EditorIOS;
		};
/* End PBXContainerItemProxy section */

/* Begin PBXFileReference section */
		0642335E4D879DE20001FC35 /* DiaryRepository.swift */ = {isa = PBXFileReference; lastKnownFileType = sourcecode.swift; path = DiaryRepository.swift; sourceTree = "<group>"; };
		0710D1C7EF032791B008493B /* EditorIOS.app */ = {isa = PBXFileReference; includeInIndex = 0; lastKnownFileType = wrapper.application; path = EditorIOS.app; sourceTree = BUILT_PRODUCTS_DIR; };
		1214EBBA79907FAE38BD08D0 /* EditorCloudKit.entitlements */ = {isa = PBXFileReference; lastKnownFileType = text.plist.entitlements; path = EditorCloudKit.entitlements; sourceTree = "<group>"; };
		1270B98A9F61963B3A04FAE9 /* EditorTests.xctest */ = {isa = PBXFileReference; explicitFileType = wrapper.cfbundle; includeInIndex = 0; path = EditorTests.xctest; sourceTree = BUILT_PRODUCTS_DIR; };
		152D105039220FD63ED4FFD8 /* EditorIOSUITests.xctest */ = {isa = PBXFileReference; includeInIndex = 0; lastKnownFileType = wrapper.cfbundle; path = EditorIOSUITests.xctest; sourceTree = BUILT_PRODUCTS_DIR; };
		1775693501BBE99927D7F07C /* SchemaMigrator.swift */ = {isa = PBXFileReference; lastKnownFileType = sourcecode.swift; path = SchemaMigrator.swift; sourceTree = "<group>"; };
		1927809A95C559A7342DE2D0 /* AttachmentRepository.swift */ = {isa = PBXFileReference; lastKnownFileType = sourcecode.swift; path = AttachmentRepository.swift; sourceTree = "<group>"; };
		199BD1746B6CDF8429B282CD /* WorkspaceViewModelTests.swift */ = {isa = PBXFileReference; lastKnownFileType = sourcecode.swift; path = WorkspaceViewModelTests.swift; sourceTree = "<group>"; };
		20B5B868AE25C29EA7A31C8A /* EditorApp.swift */ = {isa = PBXFileReference; lastKnownFileType = sourcecode.swift; path = EditorApp.swift; sourceTree = "<group>"; };
		21375FFD71ADABE73FEA867C /* WorkspaceViewModel.swift */ = {isa = PBXFileReference; lastKnownFileType = sourcecode.swift; path = WorkspaceViewModel.swift; sourceTree = "<group>"; };
		215846E3D7ACAC3660E51B4A /* BacklinkRepositoryTests.swift */ = {isa = PBXFileReference; lastKnownFileType = sourcecode.swift; path = BacklinkRepositoryTests.swift; sourceTree = "<group>"; };
		21C821093352B684252705EC /* SyncRepositoryTests.swift */ = {isa = PBXFileReference; lastKnownFileType = sourcecode.swift; path = SyncRepositoryTests.swift; sourceTree = "<group>"; };
		24FBE1A3FB70990D18514EB8 /* PlatformSecurityTests.swift */ = {isa = PBXFileReference; lastKnownFileType = sourcecode.swift; path = PlatformSecurityTests.swift; sourceTree = "<group>"; };
		3B4FFAB9393B2FC649D63658 /* MarkdownTransformerTests.swift */ = {isa = PBXFileReference; lastKnownFileType = sourcecode.swift; path = MarkdownTransformerTests.swift; sourceTree = "<group>"; };
		3EE30DA9DBD41CF2A9B3375E /* PageRepositoryTests.swift */ = {isa = PBXFileReference; lastKnownFileType = sourcecode.swift; path = PageRepositoryTests.swift; sourceTree = "<group>"; };
		40AB9B809EE4F1C8F4A7E86C /* EditorLog.swift */ = {isa = PBXFileReference; lastKnownFileType = sourcecode.swift; path = EditorLog.swift; sourceTree = "<group>"; };
		4214430A753C37880763D5D8 /* ConflictRepository.swift */ = {isa = PBXFileReference; lastKnownFileType = sourcecode.swift; path = ConflictRepository.swift; sourceTree = "<group>"; };
		45B305E7542E1D1459C797CE /* NativeTextBlockEditor.swift */ = {isa = PBXFileReference; lastKnownFileType = sourcecode.swift; path = NativeTextBlockEditor.swift; sourceTree = "<group>"; };
		4C446D967C94C5767B582A8C /* ObsidianVaultImporter.swift */ = {isa = PBXFileReference; lastKnownFileType = sourcecode.swift; path = ObsidianVaultImporter.swift; sourceTree = "<group>"; };
		4E383776DEFCB6F2C1BE89EC /* EditorModels.swift */ = {isa = PBXFileReference; lastKnownFileType = sourcecode.swift; path = EditorModels.swift; sourceTree = "<group>"; };
		4FCF64425F694601BF7DC842 /* SearchRepository.swift */ = {isa = PBXFileReference; lastKnownFileType = sourcecode.swift; path = SearchRepository.swift; sourceTree = "<group>"; };
		515610DE45635DE476139564 /* EditorBlockChromeTests.swift */ = {isa = PBXFileReference; lastKnownFileType = sourcecode.swift; path = EditorBlockChromeTests.swift; sourceTree = "<group>"; };
		55E61FF9F0A5301402101E40 /* SyncMergeEngineTests.swift */ = {isa = PBXFileReference; lastKnownFileType = sourcecode.swift; path = SyncMergeEngineTests.swift; sourceTree = "<group>"; };
		61ADE28ADDB4897F6FF626F1 /* EditorShortcutConfiguration.swift */ = {isa = PBXFileReference; lastKnownFileType = sourcecode.swift; path = EditorShortcutConfiguration.swift; sourceTree = "<group>"; };
		6545BCA3A1142552BBE909FC /* TagRepository.swift */ = {isa = PBXFileReference; lastKnownFileType = sourcecode.swift; path = TagRepository.swift; sourceTree = "<group>"; };
		6A9FAF141FE59264E99BD29F /* EditorIOSEditingUITests.swift */ = {isa = PBXFileReference; lastKnownFileType = sourcecode.swift; path = EditorIOSEditingUITests.swift; sourceTree = "<group>"; };
		6BCEEC54CE3487C39364879C /* EditorSessionTests.swift */ = {isa = PBXFileReference; lastKnownFileType = sourcecode.swift; path = EditorSessionTests.swift; sourceTree = "<group>"; };
		721AB2B9FBD1E62EB105C77B /* BacklinkRepository.swift */ = {isa = PBXFileReference; lastKnownFileType = sourcecode.swift; path = BacklinkRepository.swift; sourceTree = "<group>"; };
		74204D7572275A5FE96AABBC /* MarkdownTransformer.swift */ = {isa = PBXFileReference; lastKnownFileType = sourcecode.swift; path = MarkdownTransformer.swift; sourceTree = "<group>"; };
		781D821462B3C5971EAAE009 /* TagRepositoryTests.swift */ = {isa = PBXFileReference; lastKnownFileType = sourcecode.swift; path = TagRepositoryTests.swift; sourceTree = "<group>"; };
		830B98899C8D1F1F4FF0083E /* EditorMacEditingUITests.swift */ = {isa = PBXFileReference; lastKnownFileType = sourcecode.swift; path = EditorMacEditingUITests.swift; sourceTree = "<group>"; };
		83E314E1BD6803FBAA36C92C /* DiaryRepositoryTests.swift */ = {isa = PBXFileReference; lastKnownFileType = sourcecode.swift; path = DiaryRepositoryTests.swift; sourceTree = "<group>"; };
		87174FBC64830887961BD6C0 /* EditorMac.app */ = {isa = PBXFileReference; explicitFileType = wrapper.application; includeInIndex = 0; path = EditorMac.app; sourceTree = BUILT_PRODUCTS_DIR; };
		8A367F12EB4E9E770B0ACA8E /* EditorMacUITests.xctest */ = {isa = PBXFileReference; explicitFileType = wrapper.cfbundle; includeInIndex = 0; path = EditorMacUITests.xctest; sourceTree = BUILT_PRODUCTS_DIR; };
		8BC9BD3D38C16BD85AE9DB4C /* AppEnvironment.swift */ = {isa = PBXFileReference; lastKnownFileType = sourcecode.swift; path = AppEnvironment.swift; sourceTree = "<group>"; };
		9020679BDD2802585CAFFF9A /* SyncMergeEngine.swift */ = {isa = PBXFileReference; lastKnownFileType = sourcecode.swift; path = SyncMergeEngine.swift; sourceTree = "<group>"; };
		97FDEF1160608404948118EE /* EditorIOS.entitlements */ = {isa = PBXFileReference; lastKnownFileType = text.plist.entitlements; path = EditorIOS.entitlements; sourceTree = "<group>"; };
		99D2978B31BEE2E16B778433 /* PageRepository.swift */ = {isa = PBXFileReference; lastKnownFileType = sourcecode.swift; path = PageRepository.swift; sourceTree = "<group>"; };
		9AC06280694090DAA0387F96 /* NativeTextBlockEditorTests.swift */ = {isa = PBXFileReference; lastKnownFileType = sourcecode.swift; path = NativeTextBlockEditorTests.swift; sourceTree = "<group>"; };
		9DA7C15C1BD0598E212E5F20 /* EditorShortcutConfigurationTests.swift */ = {isa = PBXFileReference; lastKnownFileType = sourcecode.swift; path = EditorShortcutConfigurationTests.swift; sourceTree = "<group>"; };
		9E25294134A69C459AE6E1D0 /* ObsidianVaultImporterTests.swift */ = {isa = PBXFileReference; lastKnownFileType = sourcecode.swift; path = ObsidianVaultImporterTests.swift; sourceTree = "<group>"; };
		9E5987A98D4AEC7981273C41 /* SyncRepository.swift */ = {isa = PBXFileReference; lastKnownFileType = sourcecode.swift; path = SyncRepository.swift; sourceTree = "<group>"; };
		BA04F3B5378D60E40322DFDE /* DataProtectionService.swift */ = {isa = PBXFileReference; lastKnownFileType = sourcecode.swift; path = DataProtectionService.swift; sourceTree = "<group>"; };
		BE22D36D2A1E20D4EF5DC1C6 /* EditorMac.entitlements */ = {isa = PBXFileReference; lastKnownFileType = text.plist.entitlements; path = EditorMac.entitlements; sourceTree = "<group>"; };
		BE299953F1B4500B81B093A6 /* EditorIOS-Info.plist */ = {isa = PBXFileReference; lastKnownFileType = text.plist; path = "EditorIOS-Info.plist"; sourceTree = "<group>"; };
		BF2B4D890F84CA04F7C8018A /* AttachmentThumbnailScheduler.swift */ = {isa = PBXFileReference; lastKnownFileType = sourcecode.swift; path = AttachmentThumbnailScheduler.swift; sourceTree = "<group>"; };
		CF94D39B44F2FDB5B09C55B8 /* EditorShellView.swift */ = {isa = PBXFileReference; lastKnownFileType = sourcecode.swift; path = EditorShellView.swift; sourceTree = "<group>"; };
		D1096512E28BB2AFF667653D /* SQLiteDatabase.swift */ = {isa = PBXFileReference; lastKnownFileType = sourcecode.swift; path = SQLiteDatabase.swift; sourceTree = "<group>"; };
		D40CF7A6C22692BF36767B56 /* AttachmentRepositoryTests.swift */ = {isa = PBXFileReference; lastKnownFileType = sourcecode.swift; path = AttachmentRepositoryTests.swift; sourceTree = "<group>"; };
		DFB2B8F9B01CF891E67A570A /* SearchRepositoryTests.swift */ = {isa = PBXFileReference; lastKnownFileType = sourcecode.swift; path = SearchRepositoryTests.swift; sourceTree = "<group>"; };
		ECDF1564214D00B59B2C6502 /* LocalSyncGenerationResetPolicyTests.swift */ = {isa = PBXFileReference; lastKnownFileType = sourcecode.swift; path = LocalSyncGenerationResetPolicyTests.swift; sourceTree = "<group>"; };
		ED15DB1BFFA5B14D21B49851 /* SyncEngine.swift */ = {isa = PBXFileReference; lastKnownFileType = sourcecode.swift; path = SyncEngine.swift; sourceTree = "<group>"; };
		EEA32BC9667143AD004CA8F5 /* SchemaMigratorTests.swift */ = {isa = PBXFileReference; lastKnownFileType = sourcecode.swift; path = SchemaMigratorTests.swift; sourceTree = "<group>"; };
		F33E30A062804DA2B51E52C6 /* SyncGeneration.swift */ = {isa = PBXFileReference; lastKnownFileType = sourcecode.swift; path = SyncGeneration.swift; sourceTree = "<group>"; };
		F9225993DF8341A04734C517 /* EditorSession.swift */ = {isa = PBXFileReference; lastKnownFileType = sourcecode.swift; path = EditorSession.swift; sourceTree = "<group>"; };
		FD68E48C0F2260B332722AA9 /* SyncEngineTests.swift */ = {isa = PBXFileReference; lastKnownFileType = sourcecode.swift; path = SyncEngineTests.swift; sourceTree = "<group>"; };
/* End PBXFileReference section */

/* Begin PBXFrameworksBuildPhase section */
		3DBA6AF1E763FB47B726A762 /* Frameworks */ = {
			isa = PBXFrameworksBuildPhase;
			buildActionMask = 2147483647;
			files = (
				B4A1AFA9AF4D35DE0DCC604B /* HighlightSwift in Frameworks */,
			);
			runOnlyForDeploymentPostprocessing = 0;
		};
		65BA2B5556A3B2EFDF0A3ABD /* Frameworks */ = {
			isa = PBXFrameworksBuildPhase;
			buildActionMask = 2147483647;
			files = (
				69DDD94988608C009D42C71C /* HighlightSwift in Frameworks */,
			);
			runOnlyForDeploymentPostprocessing = 0;
		};
		792823FA452C30E5DBB90676 /* Frameworks */ = {
			isa = PBXFrameworksBuildPhase;
			buildActionMask = 2147483647;
			files = (
				6A4E2338E27DC654E988AE0E /* HighlightSwift in Frameworks */,
			);
			runOnlyForDeploymentPostprocessing = 0;
		};
/* End PBXFrameworksBuildPhase section */

/* Begin PBXGroup section */
		0086089CAB3C88090BEFEEB8 /* EditorIOSUITests */ = {
			isa = PBXGroup;
			children = (
				6A9FAF141FE59264E99BD29F /* EditorIOSEditingUITests.swift */,
			);
			name = EditorIOSUITests;
			path = Tests/EditorIOSUITests;
			sourceTree = "<group>";
		};
		04769CC27094EB3B05D7B2F5 /* EditorApp */ = {
			isa = PBXGroup;
			children = (
				8BC9BD3D38C16BD85AE9DB4C /* AppEnvironment.swift */,
				20B5B868AE25C29EA7A31C8A /* EditorApp.swift */,
				1214EBBA79907FAE38BD08D0 /* EditorCloudKit.entitlements */,
				BE299953F1B4500B81B093A6 /* EditorIOS-Info.plist */,
				97FDEF1160608404948118EE /* EditorIOS.entitlements */,
				BE22D36D2A1E20D4EF5DC1C6 /* EditorMac.entitlements */,
			);
			name = EditorApp;
			path = Sources/EditorApp;
			sourceTree = "<group>";
		};
		0CBB6B2B1924BB4502471BF8 = {
			isa = PBXGroup;
			children = (
				04769CC27094EB3B05D7B2F5 /* EditorApp */,
				5B3D3574E4C1FE1CE19818BC /* EditorCore */,
				0086089CAB3C88090BEFEEB8 /* EditorIOSUITests */,
				378A7E8CFE386008720DF15E /* EditorMacUITests */,
				FEE26AE84D63ADF71A380F74 /* EditorTests */,
				FD41236BEF8F0AF43B905F8E /* Products */,
			);
			sourceTree = "<group>";
		};
		3481DCF4843DA387637AE7C3 /* Observability */ = {
			isa = PBXGroup;
			children = (
				40AB9B809EE4F1C8F4A7E86C /* EditorLog.swift */,
			);
			path = Observability;
			sourceTree = "<group>";
		};
		378A7E8CFE386008720DF15E /* EditorMacUITests */ = {
			isa = PBXGroup;
			children = (
				830B98899C8D1F1F4FF0083E /* EditorMacEditingUITests.swift */,
			);
			name = EditorMacUITests;
			path = Tests/EditorMacUITests;
			sourceTree = "<group>";
		};
		5341132FC1478B951BF6A054 /* Shortcuts */ = {
			isa = PBXGroup;
			children = (
				61ADE28ADDB4897F6FF626F1 /* EditorShortcutConfiguration.swift */,
			);
			path = Shortcuts;
			sourceTree = "<group>";
		};
		5B3D3574E4C1FE1CE19818BC /* EditorCore */ = {
			isa = PBXGroup;
			children = (
				7C4C05837DD92B9666104896 /* Features */,
				72DBBC826A9F0DB51E7D88E8 /* Models */,
				3481DCF4843DA387637AE7C3 /* Observability */,
				FC1F69997D4CCB1774C4B9D2 /* Platform */,
				BC78694AE5B5C2675D3D979E /* Store */,
			);
			name = EditorCore;
			path = Sources/EditorCore;
			sourceTree = "<group>";
		};
		61AA0B64F0EAA11B549142FC /* Editing */ = {
			isa = PBXGroup;
			children = (
				F9225993DF8341A04734C517 /* EditorSession.swift */,
				45B305E7542E1D1459C797CE /* NativeTextBlockEditor.swift */,
			);
			path = Editing;
			sourceTree = "<group>";
		};
		72DBBC826A9F0DB51E7D88E8 /* Models */ = {
			isa = PBXGroup;
			children = (
				4E383776DEFCB6F2C1BE89EC /* EditorModels.swift */,
			);
			path = Models;
			sourceTree = "<group>";
		};
		7C4C05837DD92B9666104896 /* Features */ = {
			isa = PBXGroup;
			children = (
				61AA0B64F0EAA11B549142FC /* Editing */,
				A919364B7F3795709B297C3A /* Markdown */,
				F8B373069DF5F31ED0AB65F2 /* Shell */,
				5341132FC1478B951BF6A054 /* Shortcuts */,
			);
			path = Features;
			sourceTree = "<group>";
		};
		A919364B7F3795709B297C3A /* Markdown */ = {
			isa = PBXGroup;
			children = (
				74204D7572275A5FE96AABBC /* MarkdownTransformer.swift */,
			);
			path = Markdown;
			sourceTree = "<group>";
		};
		BC78694AE5B5C2675D3D979E /* Store */ = {
			isa = PBXGroup;
			children = (
				1927809A95C559A7342DE2D0 /* AttachmentRepository.swift */,
				BF2B4D890F84CA04F7C8018A /* AttachmentThumbnailScheduler.swift */,
				721AB2B9FBD1E62EB105C77B /* BacklinkRepository.swift */,
				4214430A753C37880763D5D8 /* ConflictRepository.swift */,
				0642335E4D879DE20001FC35 /* DiaryRepository.swift */,
				4C446D967C94C5767B582A8C /* ObsidianVaultImporter.swift */,
				99D2978B31BEE2E16B778433 /* PageRepository.swift */,
				1775693501BBE99927D7F07C /* SchemaMigrator.swift */,
				4FCF64425F694601BF7DC842 /* SearchRepository.swift */,
				D1096512E28BB2AFF667653D /* SQLiteDatabase.swift */,
				ED15DB1BFFA5B14D21B49851 /* SyncEngine.swift */,
				F33E30A062804DA2B51E52C6 /* SyncGeneration.swift */,
				9020679BDD2802585CAFFF9A /* SyncMergeEngine.swift */,
				9E5987A98D4AEC7981273C41 /* SyncRepository.swift */,
				6545BCA3A1142552BBE909FC /* TagRepository.swift */,
			);
			path = Store;
			sourceTree = "<group>";
		};
		F8B373069DF5F31ED0AB65F2 /* Shell */ = {
			isa = PBXGroup;
			children = (
				CF94D39B44F2FDB5B09C55B8 /* EditorShellView.swift */,
				21375FFD71ADABE73FEA867C /* WorkspaceViewModel.swift */,
			);
			path = Shell;
			sourceTree = "<group>";
		};
		FC1F69997D4CCB1774C4B9D2 /* Platform */ = {
			isa = PBXGroup;
			children = (
				BA04F3B5378D60E40322DFDE /* DataProtectionService.swift */,
			);
			path = Platform;
			sourceTree = "<group>";
		};
		FD41236BEF8F0AF43B905F8E /* Products */ = {
			isa = PBXGroup;
			children = (
				0710D1C7EF032791B008493B /* EditorIOS.app */,
				152D105039220FD63ED4FFD8 /* EditorIOSUITests.xctest */,
				87174FBC64830887961BD6C0 /* EditorMac.app */,
				8A367F12EB4E9E770B0ACA8E /* EditorMacUITests.xctest */,
				1270B98A9F61963B3A04FAE9 /* EditorTests.xctest */,
			);
			name = Products;
			sourceTree = "<group>";
		};
		FEE26AE84D63ADF71A380F74 /* EditorTests */ = {
			isa = PBXGroup;
			children = (
				D40CF7A6C22692BF36767B56 /* AttachmentRepositoryTests.swift */,
				215846E3D7ACAC3660E51B4A /* BacklinkRepositoryTests.swift */,
				83E314E1BD6803FBAA36C92C /* DiaryRepositoryTests.swift */,
				515610DE45635DE476139564 /* EditorBlockChromeTests.swift */,
				6BCEEC54CE3487C39364879C /* EditorSessionTests.swift */,
				9DA7C15C1BD0598E212E5F20 /* EditorShortcutConfigurationTests.swift */,
				ECDF1564214D00B59B2C6502 /* LocalSyncGenerationResetPolicyTests.swift */,
				3B4FFAB9393B2FC649D63658 /* MarkdownTransformerTests.swift */,
				9AC06280694090DAA0387F96 /* NativeTextBlockEditorTests.swift */,
				9E25294134A69C459AE6E1D0 /* ObsidianVaultImporterTests.swift */,
				3EE30DA9DBD41CF2A9B3375E /* PageRepositoryTests.swift */,
				24FBE1A3FB70990D18514EB8 /* PlatformSecurityTests.swift */,
				EEA32BC9667143AD004CA8F5 /* SchemaMigratorTests.swift */,
				DFB2B8F9B01CF891E67A570A /* SearchRepositoryTests.swift */,
				FD68E48C0F2260B332722AA9 /* SyncEngineTests.swift */,
				55E61FF9F0A5301402101E40 /* SyncMergeEngineTests.swift */,
				21C821093352B684252705EC /* SyncRepositoryTests.swift */,
				781D821462B3C5971EAAE009 /* TagRepositoryTests.swift */,
				199BD1746B6CDF8429B282CD /* WorkspaceViewModelTests.swift */,
			);
			name = EditorTests;
			path = Tests/EditorTests;
			sourceTree = "<group>";
		};
/* End PBXGroup section */

/* Begin PBXNativeTarget section */
		1C591F3F52C1C368D687079C /* EditorMacUITests */ = {
			isa = PBXNativeTarget;
			buildConfigurationList = C0C7DF22D77F08B26D07CD39 /* Build configuration list for PBXNativeTarget "EditorMacUITests" */;
			buildPhases = (
				F25450F656442905D1708515 /* Sources */,
			);
			buildRules = (
			);
			dependencies = (
				AF5B4A132A4E2E39C3145905 /* PBXTargetDependency */,
			);
			name = EditorMacUITests;
			packageProductDependencies = (
			);
			productName = EditorMacUITests;
			productReference = 8A367F12EB4E9E770B0ACA8E /* EditorMacUITests.xctest */;
			productType = "com.apple.product-type.bundle.ui-testing";
		};
		5AC71F5A2320A80B95A71B41 /* EditorIOS */ = {
			isa = PBXNativeTarget;
			buildConfigurationList = 6E694F3CA1D62FA8E5A6BA97 /* Build configuration list for PBXNativeTarget "EditorIOS" */;
			buildPhases = (
				D8AB6B8A8C1ECBB546248DA1 /* Sources */,
				792823FA452C30E5DBB90676 /* Frameworks */,
			);
			buildRules = (
			);
			dependencies = (
			);
			name = EditorIOS;
			packageProductDependencies = (
				01F86F986E75970B8A2B1A64 /* HighlightSwift */,
			);
			productName = EditorIOS;
			productReference = 0710D1C7EF032791B008493B /* EditorIOS.app */;
			productType = "com.apple.product-type.application";
		};
		872A4C60FF7B0F2EAFF04A89 /* EditorMac */ = {
			isa = PBXNativeTarget;
			buildConfigurationList = 7970C0A2F454CED75AC31E23 /* Build configuration list for PBXNativeTarget "EditorMac" */;
			buildPhases = (
				D8FFA47E03A6D1860C3C7A78 /* Sources */,
				705B4A895D1F0C0686ABEFD4 /* Resources */,
				65BA2B5556A3B2EFDF0A3ABD /* Frameworks */,
			);
			buildRules = (
			);
			dependencies = (
			);
			name = EditorMac;
			packageProductDependencies = (
				7C2B290DE56754D5E08BC2B9 /* HighlightSwift */,
			);
			productName = EditorMac;
			productReference = 87174FBC64830887961BD6C0 /* EditorMac.app */;
			productType = "com.apple.product-type.application";
		};
		9A64B3FC178D22048EC398B9 /* EditorIOSUITests */ = {
			isa = PBXNativeTarget;
			buildConfigurationList = 444DFE336BF89AD58D3579C4 /* Build configuration list for PBXNativeTarget "EditorIOSUITests" */;
			buildPhases = (
				085221028FA3D835E426BEBE /* Sources */,
			);
			buildRules = (
			);
			dependencies = (
				F0A8753C5955A4085C95E06C /* PBXTargetDependency */,
			);
			name = EditorIOSUITests;
			packageProductDependencies = (
			);
			productName = EditorIOSUITests;
			productReference = 152D105039220FD63ED4FFD8 /* EditorIOSUITests.xctest */;
			productType = "com.apple.product-type.bundle.ui-testing";
		};
		E606C235FEE9CDB5DE53B070 /* EditorTests */ = {
			isa = PBXNativeTarget;
			buildConfigurationList = A21F1666F05C8DCBE949E860 /* Build configuration list for PBXNativeTarget "EditorTests" */;
			buildPhases = (
				30D873B1875A5AE471319CE3 /* Sources */,
				3DBA6AF1E763FB47B726A762 /* Frameworks */,
			);
			buildRules = (
			);
			dependencies = (
			);
			name = EditorTests;
			packageProductDependencies = (
				3F0CDB69805FEA56700323B0 /* HighlightSwift */,
			);
			productName = EditorTests;
			productReference = 1270B98A9F61963B3A04FAE9 /* EditorTests.xctest */;
			productType = "com.apple.product-type.bundle.unit-test";
		};
/* End PBXNativeTarget section */

/* Begin PBXProject section */
		069CC3F098A07CA0727AF3A5 /* Project object */ = {
			isa = PBXProject;
			attributes = {
				BuildIndependentTargetsInParallel = YES;
				LastUpgradeCheck = 1430;
				TargetAttributes = {
					1C591F3F52C1C368D687079C = {
						TestTargetID = 872A4C60FF7B0F2EAFF04A89;
					};
					5AC71F5A2320A80B95A71B41 = {
						DevelopmentTeam = H52N5N7WQ7;
						ProvisioningStyle = Automatic;
					};
					872A4C60FF7B0F2EAFF04A89 = {
						DevelopmentTeam = H52N5N7WQ7;
						ProvisioningStyle = Automatic;
					};
					9A64B3FC178D22048EC398B9 = {
						TestTargetID = 5AC71F5A2320A80B95A71B41;
					};
				};
			};
			buildConfigurationList = A1509CB11AE2AD7AFE27AA04 /* Build configuration list for PBXProject "Editor" */;
			developmentRegion = en;
			hasScannedForEncodings = 0;
			knownRegions = (
				Base,
				en,
			);
			mainGroup = 0CBB6B2B1924BB4502471BF8;
			minimizedProjectReferenceProxies = 1;
			packageReferences = (
				5E0C62E8971C59B4D2989B8F /* XCRemoteSwiftPackageReference "highlightswift" */,
			);
			preferredProjectObjectVersion = 77;
			productRefGroup = FD41236BEF8F0AF43B905F8E /* Products */;
			projectDirPath = "";
			projectRoot = "";
			targets = (
				5AC71F5A2320A80B95A71B41 /* EditorIOS */,
				9A64B3FC178D22048EC398B9 /* EditorIOSUITests */,
				872A4C60FF7B0F2EAFF04A89 /* EditorMac */,
				1C591F3F52C1C368D687079C /* EditorMacUITests */,
				E606C235FEE9CDB5DE53B070 /* EditorTests */,
			);
		};
/* End PBXProject section */

/* Begin PBXResourcesBuildPhase section */
		705B4A895D1F0C0686ABEFD4 /* Resources */ = {
			isa = PBXResourcesBuildPhase;
			buildActionMask = 2147483647;
			files = (
				B314C4800CB52538C63604C6 /* EditorIOS-Info.plist in Resources */,
			);
			runOnlyForDeploymentPostprocessing = 0;
		};
/* End PBXResourcesBuildPhase section */

/* Begin PBXSourcesBuildPhase section */
		085221028FA3D835E426BEBE /* Sources */ = {
			isa = PBXSourcesBuildPhase;
			buildActionMask = 2147483647;
			files = (
				2084FFA7A79E33FCED83EFAE /* EditorIOSEditingUITests.swift in Sources */,
			);
			runOnlyForDeploymentPostprocessing = 0;
		};
		30D873B1875A5AE471319CE3 /* Sources */ = {
			isa = PBXSourcesBuildPhase;
			buildActionMask = 2147483647;
			files = (
				0974C8550941134BA36D7147 /* AttachmentRepository.swift in Sources */,
				330DE8B1EA9F4976ACB74DE0 /* AttachmentRepositoryTests.swift in Sources */,
				AC5465204820AECB2AEDBDB4 /* AttachmentThumbnailScheduler.swift in Sources */,
				09989A13D18438B9220A91CD /* BacklinkRepository.swift in Sources */,
				5A0D1FB6346FAAD0FB0C2EDE /* BacklinkRepositoryTests.swift in Sources */,
				CD88B386243D25D829DA765D /* ConflictRepository.swift in Sources */,
				58E5CFCAD5D62D9F4174E252 /* DataProtectionService.swift in Sources */,
				5CA7CDF4C43E7E196B410279 /* DiaryRepository.swift in Sources */,
				1EAAFC236BE79CD235D0BAEC /* DiaryRepositoryTests.swift in Sources */,
				21EC3BD9793060853FC95406 /* EditorBlockChromeTests.swift in Sources */,
				38F36C057252483E1CD4A0BA /* EditorLog.swift in Sources */,
				4F4123269A16D4618CA56BD2 /* EditorModels.swift in Sources */,
				26F7E5CCFB8BE819F7BFECD1 /* EditorSession.swift in Sources */,
				771935237BCE228918E46CCD /* EditorSessionTests.swift in Sources */,
				69876CE14D2D2E8A4A00992B /* EditorShellView.swift in Sources */,
				FFDF664D4F1F92C9D8C421EA /* EditorShortcutConfiguration.swift in Sources */,
				9CD64A0DE0B21E56523DF9B0 /* EditorShortcutConfigurationTests.swift in Sources */,
				4787B5B0ACFBE951ED91A76E /* LocalSyncGenerationResetPolicyTests.swift in Sources */,
				D0F49BDD4C83A83C39652E71 /* MarkdownTransformer.swift in Sources */,
				2DEDA2FC15262360AF629C4E /* MarkdownTransformerTests.swift in Sources */,
				A94BCFD1FAB72981D2ABA60E /* NativeTextBlockEditor.swift in Sources */,
				A54C11EF0D68422276A9E23A /* NativeTextBlockEditorTests.swift in Sources */,
				262846181A0BA1148ADE5B37 /* ObsidianVaultImporter.swift in Sources */,
				C30D298F9862883B5B9378A1 /* ObsidianVaultImporterTests.swift in Sources */,
				01073C4629A8F9C0729414E2 /* PageRepository.swift in Sources */,
				F388BABBAE95664822C1F37E /* PageRepositoryTests.swift in Sources */,
				59B1FACACA6B52B3A1F96247 /* PlatformSecurityTests.swift in Sources */,
				711E78B4E602143661DC5F2C /* SQLiteDatabase.swift in Sources */,
				2B18D251AA0DE11D5BE12665 /* SchemaMigrator.swift in Sources */,
				05CD53853A98F46E200DDC65 /* SchemaMigratorTests.swift in Sources */,
				D8D7399DED14D82F9239B6AA /* SearchRepository.swift in Sources */,
				05E0410E301064200594A49F /* SearchRepositoryTests.swift in Sources */,
				203D2AF728ACA0CB9FB6EB64 /* SyncEngine.swift in Sources */,
				22987CEF62D169CEBE7D4E61 /* SyncEngineTests.swift in Sources */,
				8FC99F708C5A42E23CC056CA /* SyncGeneration.swift in Sources */,
				BE8D6775DA5E9F581EDCD86E /* SyncMergeEngine.swift in Sources */,
				5141220B3C572A4DE2860C28 /* SyncMergeEngineTests.swift in Sources */,
				680FA555099757D0954DBFF7 /* SyncRepository.swift in Sources */,
				6861322C7C6B927B36EB0D01 /* SyncRepositoryTests.swift in Sources */,
				9CCE0838A058C2C62211C96C /* TagRepository.swift in Sources */,
				BD5D4967A28608F792BE033D /* TagRepositoryTests.swift in Sources */,
				78B01CD737100B6614E6E8A2 /* WorkspaceViewModel.swift in Sources */,
				09BB0A14C4C2ACE82E7B8514 /* WorkspaceViewModelTests.swift in Sources */,
			);
			runOnlyForDeploymentPostprocessing = 0;
		};
		D8AB6B8A8C1ECBB546248DA1 /* Sources */ = {
			isa = PBXSourcesBuildPhase;
			buildActionMask = 2147483647;
			files = (
				203C8C57D64D5D4A849EF8AA /* AppEnvironment.swift in Sources */,
				EE128CFD6F34622441D84ECC /* AttachmentRepository.swift in Sources */,
				167DBF02105B2340CADF7B04 /* AttachmentThumbnailScheduler.swift in Sources */,
				6C2EEADF704236F0270EC19B /* BacklinkRepository.swift in Sources */,
				391A2479C2F146CBF091E691 /* ConflictRepository.swift in Sources */,
				7F3274622A5EBEC25A0042FB /* DataProtectionService.swift in Sources */,
				0D011D03EDC571638D1AFC39 /* DiaryRepository.swift in Sources */,
				F44CF7F592C10A7416E91935 /* EditorApp.swift in Sources */,
				CF0299159866AE5746836C4C /* EditorLog.swift in Sources */,
				3985E53DC8AF5E84FB2C5250 /* EditorModels.swift in Sources */,
				0B031169893C686E13FC35A3 /* EditorSession.swift in Sources */,
				6A7F865DCBB7545701FE6F7D /* EditorShellView.swift in Sources */,
				B4C2EF67E13A290D9E803CB1 /* EditorShortcutConfiguration.swift in Sources */,
				E01A39518EEC3D364DDC767F /* MarkdownTransformer.swift in Sources */,
				5879BDF8333F324C85EDF287 /* NativeTextBlockEditor.swift in Sources */,
				232FEC20480532D2413466AD /* ObsidianVaultImporter.swift in Sources */,
				E4033F9ECF39040100D58D6D /* PageRepository.swift in Sources */,
				8A525D5BB973025C3CB43C21 /* SQLiteDatabase.swift in Sources */,
				12017FEFC29019F7885E9A8B /* SchemaMigrator.swift in Sources */,
				E472E78A6A66D359D5FAD4DB /* SearchRepository.swift in Sources */,
				58B01E21F4BF19B7CE6CB6A7 /* SyncEngine.swift in Sources */,
				A99F54F1D80A0D652179C49A /* SyncGeneration.swift in Sources */,
				33844EA317B147AFBA7BC67E /* SyncMergeEngine.swift in Sources */,
				46B14E454EBFA01097FE244B /* SyncRepository.swift in Sources */,
				50A269642333A392D734DFD4 /* TagRepository.swift in Sources */,
				3C93E4F9F743D69CA90FEC98 /* WorkspaceViewModel.swift in Sources */,
			);
			runOnlyForDeploymentPostprocessing = 0;
		};
		D8FFA47E03A6D1860C3C7A78 /* Sources */ = {
			isa = PBXSourcesBuildPhase;
			buildActionMask = 2147483647;
			files = (
				30761AF9DB95A5C98582DB35 /* AppEnvironment.swift in Sources */,
				FE6EAB327B1CFEEF7F9914A3 /* AttachmentRepository.swift in Sources */,
				A7B1BDA57CB45D268633A59C /* AttachmentThumbnailScheduler.swift in Sources */,
				5CD6CB8BB8A235C13E7F795C /* BacklinkRepository.swift in Sources */,
				E77AC7E35D5BE557E9CFD3D0 /* ConflictRepository.swift in Sources */,
				7E12A9744DD490C10F4DDB2A /* DataProtectionService.swift in Sources */,
				0127BDD665C2290D455C296C /* DiaryRepository.swift in Sources */,
				7F9B997D95099BF35D291D2D /* EditorApp.swift in Sources */,
				5D5CF87AA264C0F8EB86F299 /* EditorLog.swift in Sources */,
				A10CB67698B1FCCF81CE837A /* EditorModels.swift in Sources */,
				0530FF2CF75594968E017198 /* EditorSession.swift in Sources */,
				781AE5A449EDE2D71F14245B /* EditorShellView.swift in Sources */,
				3C5DC22472C17AA3489FA86A /* EditorShortcutConfiguration.swift in Sources */,
				DBDB948DE2D478350B9D694E /* MarkdownTransformer.swift in Sources */,
				A418DA90E22E8111FC906101 /* NativeTextBlockEditor.swift in Sources */,
				0E20C6BCBA788CD094F3DDBC /* ObsidianVaultImporter.swift in Sources */,
				14615EF0D0385EC1544687A5 /* PageRepository.swift in Sources */,
				A71E6C145467696785F16C68 /* SQLiteDatabase.swift in Sources */,
				23382344C31EB384088840F4 /* SchemaMigrator.swift in Sources */,
				9F6522F31BB2558F8858A5FD /* SearchRepository.swift in Sources */,
				C2EB3CA38DD087183990B22D /* SyncEngine.swift in Sources */,
				27EEA5D52557773DE8D0AB87 /* SyncGeneration.swift in Sources */,
				759142683B1FFFBA3AA6D67C /* SyncMergeEngine.swift in Sources */,
				770292503CFC7E982D73DEBA /* SyncRepository.swift in Sources */,
				4AF31E328578DE8862DFAAF5 /* TagRepository.swift in Sources */,
				7C0A1A9E3A837DBCD1EA2C74 /* WorkspaceViewModel.swift in Sources */,
			);
			runOnlyForDeploymentPostprocessing = 0;
		};
		F25450F656442905D1708515 /* Sources */ = {
			isa = PBXSourcesBuildPhase;
			buildActionMask = 2147483647;
			files = (
				8C91ABADEB2F8674C8A8BB79 /* EditorMacEditingUITests.swift in Sources */,
			);
			runOnlyForDeploymentPostprocessing = 0;
		};
/* End PBXSourcesBuildPhase section */

/* Begin PBXTargetDependency section */
		AF5B4A132A4E2E39C3145905 /* PBXTargetDependency */ = {
			isa = PBXTargetDependency;
			target = 872A4C60FF7B0F2EAFF04A89 /* EditorMac */;
			targetProxy = 19B60E2B481A30D521EA0A79 /* PBXContainerItemProxy */;
		};
		F0A8753C5955A4085C95E06C /* PBXTargetDependency */ = {
			isa = PBXTargetDependency;
			target = 5AC71F5A2320A80B95A71B41 /* EditorIOS */;
			targetProxy = 2679244DC9945B2BEEB2305A /* PBXContainerItemProxy */;
		};
/* End PBXTargetDependency section */

/* Begin XCBuildConfiguration section */
		0BC7A12E14D81A49DBA5D05C /* Debug */ = {
			isa = XCBuildConfiguration;
			buildSettings = {
				ALWAYS_SEARCH_USER_PATHS = NO;
				CLANG_ANALYZER_NONNULL = YES;
				CLANG_ANALYZER_NUMBER_OBJECT_CONVERSION = YES_AGGRESSIVE;
				CLANG_CXX_LANGUAGE_STANDARD = "gnu++14";
				CLANG_CXX_LIBRARY = "libc++";
				CLANG_ENABLE_MODULES = YES;
				CLANG_ENABLE_OBJC_ARC = YES;
				CLANG_ENABLE_OBJC_WEAK = YES;
				CLANG_WARN_BLOCK_CAPTURE_AUTORELEASING = YES;
				CLANG_WARN_BOOL_CONVERSION = YES;
				CLANG_WARN_COMMA = YES;
				CLANG_WARN_CONSTANT_CONVERSION = YES;
				CLANG_WARN_DEPRECATED_OBJC_IMPLEMENTATIONS = YES;
				CLANG_WARN_DIRECT_OBJC_ISA_USAGE = YES_ERROR;
				CLANG_WARN_DOCUMENTATION_COMMENTS = YES;
				CLANG_WARN_EMPTY_BODY = YES;
				CLANG_WARN_ENUM_CONVERSION = YES;
				CLANG_WARN_INFINITE_RECURSION = YES;
				CLANG_WARN_INT_CONVERSION = YES;
				CLANG_WARN_NON_LITERAL_NULL_CONVERSION = YES;
				CLANG_WARN_OBJC_IMPLICIT_RETAIN_SELF = YES;
				CLANG_WARN_OBJC_LITERAL_CONVERSION = YES;
				CLANG_WARN_OBJC_ROOT_CLASS = YES_ERROR;
				CLANG_WARN_QUOTED_INCLUDE_IN_FRAMEWORK_HEADER = YES;
				CLANG_WARN_RANGE_LOOP_ANALYSIS = YES;
				CLANG_WARN_STRICT_PROTOTYPES = YES;
				CLANG_WARN_SUSPICIOUS_MOVE = YES;
				CLANG_WARN_UNGUARDED_AVAILABILITY = YES_AGGRESSIVE;
				CLANG_WARN_UNREACHABLE_CODE = YES;
				CLANG_WARN__DUPLICATE_METHOD_MATCH = YES;
				COPY_PHASE_STRIP = NO;
				CURRENT_PROJECT_VERSION = 1;
				DEBUG_INFORMATION_FORMAT = dwarf;
				ENABLE_STRICT_OBJC_MSGSEND = YES;
				ENABLE_TESTABILITY = YES;
				ENABLE_USER_SCRIPT_SANDBOXING = NO;
				GCC_C_LANGUAGE_STANDARD = gnu11;
				GCC_DYNAMIC_NO_PIC = NO;
				GCC_NO_COMMON_BLOCKS = YES;
				GCC_OPTIMIZATION_LEVEL = 0;
				GCC_PREPROCESSOR_DEFINITIONS = (
					"$(inherited)",
					"DEBUG=1",
				);
				GCC_WARN_64_TO_32_BIT_CONVERSION = YES;
				GCC_WARN_ABOUT_RETURN_TYPE = YES_ERROR;
				GCC_WARN_UNDECLARED_SELECTOR = YES;
				GCC_WARN_UNINITIALIZED_AUTOS = YES_AGGRESSIVE;
				GCC_WARN_UNUSED_FUNCTION = YES;
				GCC_WARN_UNUSED_VARIABLE = YES;
				IPHONEOS_DEPLOYMENT_TARGET = 18.0;
				MACOSX_DEPLOYMENT_TARGET = 15.0;
				MARKETING_VERSION = 1.0;
				MTL_ENABLE_DEBUG_INFO = INCLUDE_SOURCE;
				MTL_FAST_MATH = YES;
				ONLY_ACTIVE_ARCH = YES;
				PRODUCT_NAME = "$(TARGET_NAME)";
				SWIFT_ACTIVE_COMPILATION_CONDITIONS = DEBUG;
				SWIFT_OPTIMIZATION_LEVEL = "-Onone";
				SWIFT_VERSION = 6.0;
			};
			name = Debug;
		};
		3012EA7548A4AF026A39B777 /* Release */ = {
			isa = XCBuildConfiguration;
			buildSettings = {
				BUNDLE_LOADER = "$(TEST_HOST)";
				COMBINE_HIDPI_IMAGES = YES;
				GENERATE_INFOPLIST_FILE = YES;
				LD_RUNPATH_SEARCH_PATHS = (
					"$(inherited)",
					"@executable_path/Frameworks",
					"@loader_path/Frameworks",
				);
				PRODUCT_BUNDLE_IDENTIFIER = com.liangzhang.editor.mac.uitests;
				SDKROOT = macosx;
				TEST_TARGET_NAME = EditorMac;
			};
			name = Release;
		};
		351068D3490EF156133142E8 /* Debug */ = {
			isa = XCBuildConfiguration;
			buildSettings = {
				BUNDLE_LOADER = "$(TEST_HOST)";
				GENERATE_INFOPLIST_FILE = YES;
				LD_RUNPATH_SEARCH_PATHS = (
					"$(inherited)",
					"@executable_path/Frameworks",
					"@loader_path/Frameworks",
				);
				PRODUCT_BUNDLE_IDENTIFIER = com.liangzhang.editor.ios.uitests;
				SDKROOT = iphoneos;
				TARGETED_DEVICE_FAMILY = "1,2";
				TEST_TARGET_NAME = EditorIOS;
			};
			name = Debug;
		};
		54BBCB085469A80DCE228940 /* Debug */ = {
			isa = XCBuildConfiguration;
			buildSettings = {
				BUNDLE_LOADER = "$(TEST_HOST)";
				COMBINE_HIDPI_IMAGES = YES;
				GENERATE_INFOPLIST_FILE = YES;
				LD_RUNPATH_SEARCH_PATHS = (
					"$(inherited)",
					"@executable_path/Frameworks",
					"@loader_path/Frameworks",
				);
				PRODUCT_BUNDLE_IDENTIFIER = com.liangzhang.editor.mac.uitests;
				SDKROOT = macosx;
				TEST_TARGET_NAME = EditorMac;
			};
			name = Debug;
		};
		551686E6366612C040F3E64F /* Debug */ = {
			isa = XCBuildConfiguration;
			buildSettings = {
				ASSETCATALOG_COMPILER_APPICON_NAME = AppIcon;
				CODE_SIGN_ENTITLEMENTS = Sources/EditorApp/EditorIOS.entitlements;
				CODE_SIGN_IDENTITY = "iPhone Developer";
				CODE_SIGN_STYLE = Automatic;
				DEVELOPMENT_TEAM = H52N5N7WQ7;
				INFOPLIST_FILE = "Sources/EditorApp/EditorIOS-Info.plist";
				LD_RUNPATH_SEARCH_PATHS = (
					"$(inherited)",
					"@executable_path/Frameworks",
				);
				OTHER_LDFLAGS = "$(inherited) -lsqlite3";
				PRODUCT_BUNDLE_IDENTIFIER = com.liangzhang.editor.ios;
				SDKROOT = iphoneos;
				SUPPORTS_MACCATALYST = NO;
				TARGETED_DEVICE_FAMILY = "1,2";
			};
			name = Debug;
		};
		610F437780298855481B9D82 /* Debug */ = {
			isa = XCBuildConfiguration;
			buildSettings = {
				BUNDLE_LOADER = "$(TEST_HOST)";
				COMBINE_HIDPI_IMAGES = YES;
				GENERATE_INFOPLIST_FILE = YES;
				LD_RUNPATH_SEARCH_PATHS = (
					"$(inherited)",
					"@executable_path/../Frameworks",
					"@loader_path/../Frameworks",
				);
				OTHER_LDFLAGS = "$(inherited) -lsqlite3";
				PRODUCT_BUNDLE_IDENTIFIER = com.liangzhang.editor.tests;
				SDKROOT = macosx;
			};
			name = Debug;
		};
		876615E2DD8A6A41B1B3F190 /* Release */ = {
			isa = XCBuildConfiguration;
			buildSettings = {
				ASSETCATALOG_COMPILER_APPICON_NAME = AppIcon;
				CODE_SIGN_ENTITLEMENTS = Sources/EditorApp/EditorMac.entitlements;
				CODE_SIGN_STYLE = Automatic;
				COMBINE_HIDPI_IMAGES = YES;
				DEVELOPMENT_TEAM = H52N5N7WQ7;
				GENERATE_INFOPLIST_FILE = YES;
				INFOPLIST_KEY_CFBundleDisplayName = Editor;
				INFOPLIST_KEY_NSHumanReadableCopyright = "";
				LD_RUNPATH_SEARCH_PATHS = (
					"$(inherited)",
					"@executable_path/../Frameworks",
				);
				OTHER_LDFLAGS = "$(inherited) -lsqlite3";
				PRODUCT_BUNDLE_IDENTIFIER = com.liangzhang.editor.mac;
				SDKROOT = macosx;
			};
			name = Release;
		};
		95E571E2AFA60930FC1D9EA6 /* Release */ = {
			isa = XCBuildConfiguration;
			buildSettings = {
				ALWAYS_SEARCH_USER_PATHS = NO;
				CLANG_ANALYZER_NONNULL = YES;
				CLANG_ANALYZER_NUMBER_OBJECT_CONVERSION = YES_AGGRESSIVE;
				CLANG_CXX_LANGUAGE_STANDARD = "gnu++14";
				CLANG_CXX_LIBRARY = "libc++";
				CLANG_ENABLE_MODULES = YES;
				CLANG_ENABLE_OBJC_ARC = YES;
				CLANG_ENABLE_OBJC_WEAK = YES;
				CLANG_WARN_BLOCK_CAPTURE_AUTORELEASING = YES;
				CLANG_WARN_BOOL_CONVERSION = YES;
				CLANG_WARN_COMMA = YES;
				CLANG_WARN_CONSTANT_CONVERSION = YES;
				CLANG_WARN_DEPRECATED_OBJC_IMPLEMENTATIONS = YES;
				CLANG_WARN_DIRECT_OBJC_ISA_USAGE = YES_ERROR;
				CLANG_WARN_DOCUMENTATION_COMMENTS = YES;
				CLANG_WARN_EMPTY_BODY = YES;
				CLANG_WARN_ENUM_CONVERSION = YES;
				CLANG_WARN_INFINITE_RECURSION = YES;
				CLANG_WARN_INT_CONVERSION = YES;
				CLANG_WARN_NON_LITERAL_NULL_CONVERSION = YES;
				CLANG_WARN_OBJC_IMPLICIT_RETAIN_SELF = YES;
				CLANG_WARN_OBJC_LITERAL_CONVERSION = YES;
				CLANG_WARN_OBJC_ROOT_CLASS = YES_ERROR;
				CLANG_WARN_QUOTED_INCLUDE_IN_FRAMEWORK_HEADER = YES;
				CLANG_WARN_RANGE_LOOP_ANALYSIS = YES;
				CLANG_WARN_STRICT_PROTOTYPES = YES;
				CLANG_WARN_SUSPICIOUS_MOVE = YES;
				CLANG_WARN_UNGUARDED_AVAILABILITY = YES_AGGRESSIVE;
				CLANG_WARN_UNREACHABLE_CODE = YES;
				CLANG_WARN__DUPLICATE_METHOD_MATCH = YES;
				COPY_PHASE_STRIP = NO;
				CURRENT_PROJECT_VERSION = 1;
				DEBUG_INFORMATION_FORMAT = "dwarf-with-dsym";
				ENABLE_NS_ASSERTIONS = NO;
				ENABLE_STRICT_OBJC_MSGSEND = YES;
				ENABLE_USER_SCRIPT_SANDBOXING = NO;
				GCC_C_LANGUAGE_STANDARD = gnu11;
				GCC_NO_COMMON_BLOCKS = YES;
				GCC_WARN_64_TO_32_BIT_CONVERSION = YES;
				GCC_WARN_ABOUT_RETURN_TYPE = YES_ERROR;
				GCC_WARN_UNDECLARED_SELECTOR = YES;
				GCC_WARN_UNINITIALIZED_AUTOS = YES_AGGRESSIVE;
				GCC_WARN_UNUSED_FUNCTION = YES;
				GCC_WARN_UNUSED_VARIABLE = YES;
				IPHONEOS_DEPLOYMENT_TARGET = 18.0;
				MACOSX_DEPLOYMENT_TARGET = 15.0;
				MARKETING_VERSION = 1.0;
				MTL_ENABLE_DEBUG_INFO = NO;
				MTL_FAST_MATH = YES;
				PRODUCT_NAME = "$(TARGET_NAME)";
				SWIFT_COMPILATION_MODE = wholemodule;
				SWIFT_OPTIMIZATION_LEVEL = "-O";
				SWIFT_VERSION = 6.0;
			};
			name = Release;
		};
		9EBA8B34CD4760FB82430F92 /* Debug */ = {
			isa = XCBuildConfiguration;
			buildSettings = {
				ASSETCATALOG_COMPILER_APPICON_NAME = AppIcon;
				CODE_SIGN_ENTITLEMENTS = Sources/EditorApp/EditorMac.entitlements;
				CODE_SIGN_STYLE = Automatic;
				COMBINE_HIDPI_IMAGES = YES;
				DEVELOPMENT_TEAM = H52N5N7WQ7;
				GENERATE_INFOPLIST_FILE = YES;
				INFOPLIST_KEY_CFBundleDisplayName = Editor;
				INFOPLIST_KEY_NSHumanReadableCopyright = "";
				LD_RUNPATH_SEARCH_PATHS = (
					"$(inherited)",
					"@executable_path/../Frameworks",
				);
				OTHER_LDFLAGS = "$(inherited) -lsqlite3";
				PRODUCT_BUNDLE_IDENTIFIER = com.liangzhang.editor.mac;
				SDKROOT = macosx;
			};
			name = Debug;
		};
		CEE1AAF009C91064B6FC1B33 /* Release */ = {
			isa = XCBuildConfiguration;
			buildSettings = {
				BUNDLE_LOADER = "$(TEST_HOST)";
				COMBINE_HIDPI_IMAGES = YES;
				GENERATE_INFOPLIST_FILE = YES;
				LD_RUNPATH_SEARCH_PATHS = (
					"$(inherited)",
					"@executable_path/../Frameworks",
					"@loader_path/../Frameworks",
				);
				OTHER_LDFLAGS = "$(inherited) -lsqlite3";
				PRODUCT_BUNDLE_IDENTIFIER = com.liangzhang.editor.tests;
				SDKROOT = macosx;
			};
			name = Release;
		};
		DA1D2344B00BF5E882B7991C /* Release */ = {
			isa = XCBuildConfiguration;
			buildSettings = {
				ASSETCATALOG_COMPILER_APPICON_NAME = AppIcon;
				CODE_SIGN_ENTITLEMENTS = Sources/EditorApp/EditorIOS.entitlements;
				CODE_SIGN_IDENTITY = "iPhone Developer";
				CODE_SIGN_STYLE = Automatic;
				DEVELOPMENT_TEAM = H52N5N7WQ7;
				INFOPLIST_FILE = "Sources/EditorApp/EditorIOS-Info.plist";
				LD_RUNPATH_SEARCH_PATHS = (
					"$(inherited)",
					"@executable_path/Frameworks",
				);
				OTHER_LDFLAGS = "$(inherited) -lsqlite3";
				PRODUCT_BUNDLE_IDENTIFIER = com.liangzhang.editor.ios;
				SDKROOT = iphoneos;
				SUPPORTS_MACCATALYST = NO;
				TARGETED_DEVICE_FAMILY = "1,2";
			};
			name = Release;
		};
		FF4AB1546986CD1E2394B16C /* Release */ = {
			isa = XCBuildConfiguration;
			buildSettings = {
				BUNDLE_LOADER = "$(TEST_HOST)";
				GENERATE_INFOPLIST_FILE = YES;
				LD_RUNPATH_SEARCH_PATHS = (
					"$(inherited)",
					"@executable_path/Frameworks",
					"@loader_path/Frameworks",
				);
				PRODUCT_BUNDLE_IDENTIFIER = com.liangzhang.editor.ios.uitests;
				SDKROOT = iphoneos;
				TARGETED_DEVICE_FAMILY = "1,2";
				TEST_TARGET_NAME = EditorIOS;
			};
			name = Release;
		};
/* End XCBuildConfiguration section */

/* Begin XCConfigurationList section */
		444DFE336BF89AD58D3579C4 /* Build configuration list for PBXNativeTarget "EditorIOSUITests" */ = {
			isa = XCConfigurationList;
			buildConfigurations = (
				351068D3490EF156133142E8 /* Debug */,
				FF4AB1546986CD1E2394B16C /* Release */,
			);
			defaultConfigurationIsVisible = 0;
			defaultConfigurationName = Debug;
		};
		6E694F3CA1D62FA8E5A6BA97 /* Build configuration list for PBXNativeTarget "EditorIOS" */ = {
			isa = XCConfigurationList;
			buildConfigurations = (
				551686E6366612C040F3E64F /* Debug */,
				DA1D2344B00BF5E882B7991C /* Release */,
			);
			defaultConfigurationIsVisible = 0;
			defaultConfigurationName = Debug;
		};
		7970C0A2F454CED75AC31E23 /* Build configuration list for PBXNativeTarget "EditorMac" */ = {
			isa = XCConfigurationList;
			buildConfigurations = (
				9EBA8B34CD4760FB82430F92 /* Debug */,
				876615E2DD8A6A41B1B3F190 /* Release */,
			);
			defaultConfigurationIsVisible = 0;
			defaultConfigurationName = Debug;
		};
		A1509CB11AE2AD7AFE27AA04 /* Build configuration list for PBXProject "Editor" */ = {
			isa = XCConfigurationList;
			buildConfigurations = (
				0BC7A12E14D81A49DBA5D05C /* Debug */,
				95E571E2AFA60930FC1D9EA6 /* Release */,
			);
			defaultConfigurationIsVisible = 0;
			defaultConfigurationName = Debug;
		};
		A21F1666F05C8DCBE949E860 /* Build configuration list for PBXNativeTarget "EditorTests" */ = {
			isa = XCConfigurationList;
			buildConfigurations = (
				610F437780298855481B9D82 /* Debug */,
				CEE1AAF009C91064B6FC1B33 /* Release */,
			);
			defaultConfigurationIsVisible = 0;
			defaultConfigurationName = Debug;
		};
		C0C7DF22D77F08B26D07CD39 /* Build configuration list for PBXNativeTarget "EditorMacUITests" */ = {
			isa = XCConfigurationList;
			buildConfigurations = (
				54BBCB085469A80DCE228940 /* Debug */,
				3012EA7548A4AF026A39B777 /* Release */,
			);
			defaultConfigurationIsVisible = 0;
			defaultConfigurationName = Debug;
		};
/* End XCConfigurationList section */

/* Begin XCRemoteSwiftPackageReference section */
		5E0C62E8971C59B4D2989B8F /* XCRemoteSwiftPackageReference "highlightswift" */ = {
			isa = XCRemoteSwiftPackageReference;
			repositoryURL = "https://github.com/appstefan/highlightswift.git";
			requirement = {
				kind = upToNextMajorVersion;
				minimumVersion = 1.1.0;
			};
		};
/* End XCRemoteSwiftPackageReference section */

/* Begin XCSwiftPackageProductDependency section */
		01F86F986E75970B8A2B1A64 /* HighlightSwift */ = {
			isa = XCSwiftPackageProductDependency;
			package = 5E0C62E8971C59B4D2989B8F /* XCRemoteSwiftPackageReference "highlightswift" */;
			productName = HighlightSwift;
		};
		3F0CDB69805FEA56700323B0 /* HighlightSwift */ = {
			isa = XCSwiftPackageProductDependency;
			package = 5E0C62E8971C59B4D2989B8F /* XCRemoteSwiftPackageReference "highlightswift" */;
			productName = HighlightSwift;
		};
		7C2B290DE56754D5E08BC2B9 /* HighlightSwift */ = {
			isa = XCSwiftPackageProductDependency;
			package = 5E0C62E8971C59B4D2989B8F /* XCRemoteSwiftPackageReference "highlightswift" */;
			productName = HighlightSwift;
		};
/* End XCSwiftPackageProductDependency section */
	};
	rootObject = 069CC3F098A07CA0727AF3A5 /* Project object */;
}
